<?xml version="1.0" encoding="utf-8"?>
<Project ToolsVersion="4.0" xmlns="http://schemas.microsoft.com/developer/msbuild/2003">
  <ItemGroup>
    <Filter Include="Source Files">
      <UniqueIdentifier>{4FC737F1-C7A5-4376-A066-2A32D752A2FF}</UniqueIdentifier>
      <Extensions>cpp;c;cc;cxx;c++;cppm;ixx;def;odl;idl;hpj;bat;asm;asmx</Extensions>
    </Filter>
    <Filter Include="Header Files">
      <UniqueIdentifier>{93995380-89BD-4b04-88EB-625FBE52EBFB}</UniqueIdentifier>
      <Extensions>h;hh;hpp;hxx;h++;hm;inl;inc;ipp;xsd</Extensions>
    </Filter>
    <Filter Include="Resource Files">
      <UniqueIdentifier>{67DA6AB6-F800-4c08-8B7A-83BB121AAD01}</UniqueIdentifier>
      <Extensions>rc;ico;cur;bmp;dlg;rc2;rct;bin;rgs;gif;jpg;jpeg;jpe;resx;tiff;tif;png;wav;mfcribbon-ms</Extensions>
    </Filter>
  </ItemGroup>
  <ItemGroup>
    <ClCompile Include="AdventOfCode.cpp">
      <Filter>Source Files</Filter>
    </ClCompile>
    <ClCompile Include="aoc\aoc.ixx">
      <Filter>Source Files</Filter>
    </ClCompile>
    <ClCompile Include="aoc\2023\Day1.cpp">
      <Filter>Source Files</Filter>
    </ClCompile>
    <ClCompile Include="aoc\2023\Day2.cpp">
      <Filter>Source Files</Filter>
    </ClCompile>
    <ClCompile Include="aoc\2023\Day3.cpp">
      <Filter>Source Files</Filter>
    </ClCompile>
    <ClCompile Include="aoc\2023\Day4.cpp">
      <Filter>Source Files</Filter>
    </ClCompile>
    <ClCompile Include="aoc\2023\Day5.cpp">
      <Filter>Source Files</Filter>
    </ClCompile>
    <ClCompile Include="aoc\2023\Day6.cpp">
      <Filter>Source Files</Filter>
    </ClCompile>
    <ClCompile Include="aoc\2023\Day7.cpp">
      <Filter>Source Files</Filter>
    </ClCompile>
    <ClCompile Include="aoc\2023\Day8.cpp">
      <Filter>Source Files</Filter>
    </ClCompile>
    <ClCompile Include="aoc\2023\Day9.cpp">
      <Filter>Source Files</Filter>
    </ClCompile>
    <ClCompile Include="aoc\2024\Day01.cpp">
      <Filter>Source Files</Filter>
    </ClCompile>
    <ClCompile Include="aoc\2024\Day02.cpp">
      <Filter>Source Files</Filter>
    </ClCompile>
    <ClCompile Include="aoc\2024\Day03.cpp">
      <Filter>Source Files</Filter>
    </ClCompile>
    <ClCompile Include="aoc\2024\Day04.cpp">
      <Filter>Source Files</Filter>
    </ClCompile>
    <ClCompile Include="aoc\2024\Day05.cpp">
      <Filter>Source Files</Filter>
    </ClCompile>
    <ClCompile Include="aoc\2024\Day06.cpp">
      <Filter>Source Files</Filter>
    </ClCompile>
    <ClCompile Include="aoc\2024\Day07.cpp">
      <Filter>Source Files</Filter>
    </ClCompile>
  </ItemGroup>
  <ItemGroup>
    <Text Include="input\aoc23\day02_1.txt" />
    <Text Include="input\aoc23\day01_2.txt" />
    <Text Include="input\aoc23\day02_2.txt" />
    <Text Include="input\aoc23\day01_1.txt" />
    <Text Include="input\aoc23\day03_1.txt" />
    <Text Include="input\aoc23\day03_2.txt" />
    <Text Include="input\aoc23\day04_1.txt" />
    <Text Include="input\aoc23\day04_2.txt" />
    <Text Include="input\aoc23\day05_2.txt" />
    <Text Include="input\aoc23\day05_1.txt" />
    <Text Include="input\aoc23\day06_2.txt" />
    <Text Include="input\aoc23\day06_1.txt" />
    <Text Include="input\aoc23\day07_1.txt" />
    <Text Include="input\aoc23\day07_2.txt" />
    <Text Include="input\aoc23\day08_1.txt" />
    <Text Include="input\aoc23\day08_2.txt" />
    <Text Include="input\aoc23\day09_2.txt" />
    <Text Include="input\aoc23\day09_1.txt" />
    <Text Include="input\aoc24\day01_1.txt" />
    <Text Include="input\aoc24\day01_2.txt" />
    <Text Include="input\aoc24\day02_1.txt" />
    <Text Include="input\aoc24\day02_2.txt" />
  </ItemGroup>
</Project>